github.com/google/gousb v1.1.0 h1:s/970WE1z968MC+dtWbuxDHCcx9kwANQo6UcZtfTfx0=
github.com/google/gousb v2.1.0+incompatible h1:ApzMDjF3FeO219QwWybJxYfFhXQzPLOEy0o+w9k5DNI=
github.com/google/gousb v2.1.0+incompatible/go.mod h1:Tl4HdAs1ThE3gECkNwz+1MWicX6FXddhJEw7L8jRDiI=
golang.org/x/sys v0.0.0-20200615200032-f1bc736245b1 h1:ogLJMz+qpzav7lGMh10LMvAkM/fAoGlaiiHYiFYdm80=
golang.org/x/sys v0.0.0-20200615200032-f1bc736245b1/go.mod h1:h1NjWce9XRLGQEsW7wpKNCjG9DtNlClVuFLEZdDNbEs=
